
Microsoft Visual Studio Solution File, Format Version 12.00
# Visual Studio 15
VisualStudioVersion = 15.0.26730.15
MinimumVisualStudioVersion = 10.0.40219.1
Project("{FAE04EC0-301F-11D3-BF4B-00C04F79EFBC}") = "RandomizedTest", "RandomizedTest\RandomizedTest.csproj", "{C426784F-9A94-42D3-885C-C0B9601C3ADF}"
EndProject
Global
	GlobalSection(SolutionConfigurationPlatforms) = preSolution
		Debug|Any CPU = Debug|Any CPU
		Release|Any CPU = Release|Any CPU
	EndGlobalSection
	GlobalSection(ProjectConfigurationPlatforms) = postSolution
		{C426784F-9A94-42D3-885C-C0B9601C3ADF}.Debug|Any CPU.ActiveCfg = Debug|Any CPU
		{C426784F-9A94-42D3-885C-C0B9601C3ADF}.Debug|Any CPU.Build.0 = Debug|Any CPU
		{C426784F-9A94-42D3-885C-C0B9601C3ADF}.Release|Any CPU.ActiveCfg = Release|Any CPU
		{C426784F-9A94-42D3-885C-C0B9601C3ADF}.Release|Any CPU.Build.0 = Release|Any CPU
	EndGlobalSection
	GlobalSection(SolutionProperties) = preSolution
		HideSolutionNode = FALSE
	EndGlobalSection
	GlobalSection(ExtensibilityGlobals) = postSolution
		SolutionGuid = {9595A942-9F7D-4650-9A06-1C809E69DCC2}
	EndGlobalSection
EndGlobal
